
Microsoft Visual Studio Solution File, Format Version 11.00
# Visual Studio 2010
Project("{F184B08F-C81C-45F6-A57F-5ABD9991F28F}") = "testStructSort", "testStructSort\testStructSort.vbproj", "{55E8472E-E685-4CF4-8465-8FF771C56281}"
EndProject
Global
	GlobalSection(SolutionConfigurationPlatforms) = preSolution
		Debug|x86 = Debug|x86
		Release|x86 = Release|x86
	EndGlobalSection
	GlobalSection(ProjectConfigurationPlatforms) = postSolution
		{55E8472E-E685-4CF4-8465-8FF771C56281}.Debug|x86.ActiveCfg = Debug|x86
		{55E8472E-E685-4CF4-8465-8FF771C56281}.Debug|x86.Build.0 = Debug|x86
		{55E8472E-E685-4CF4-8465-8FF771C56281}.Release|x86.ActiveCfg = Release|x86
		{55E8472E-E685-4CF4-8465-8FF771C56281}.Release|x86.Build.0 = Release|x86
	EndGlobalSection
	GlobalSection(SolutionProperties) = preSolution
		HideSolutionNode = FALSE
	EndGlobalSection
EndGlobal
